
Microsoft Visual Studio Solution File, Format Version 12.00
# Visual Studio Version 17
VisualStudioVersion = 17.9.34728.123
MinimumVisualStudioVersion = 10.0.40219.1
Project("{FAE04EC0-301F-11D3-BF4B-00C04F79EFBC}") = "Function2", "Function2.csproj", "{704C2F34-A2A8-4C4A-BCD0-5D80D589118C}"
EndProject
Global
	GlobalSection(SolutionConfigurationPlatforms) = preSolution
		Debug|Any CPU = Debug|Any CPU
		Release|Any CPU = Release|Any CPU
	EndGlobalSection
	GlobalSection(ProjectConfigurationPlatforms) = postSolution
		{704C2F34-A2A8-4C4A-BCD0-5D80D589118C}.Debug|Any CPU.ActiveCfg = Debug|Any CPU
		{704C2F34-A2A8-4C4A-BCD0-5D80D589118C}.Debug|Any CPU.Build.0 = Debug|Any CPU
		{704C2F34-A2A8-4C4A-BCD0-5D80D589118C}.Release|Any CPU.ActiveCfg = Release|Any CPU
		{704C2F34-A2A8-4C4A-BCD0-5D80D589118C}.Release|Any CPU.Build.0 = Release|Any CPU
	EndGlobalSection
	GlobalSection(SolutionProperties) = preSolution
		HideSolutionNode = FALSE
	EndGlobalSection
	GlobalSection(ExtensibilityGlobals) = postSolution
		SolutionGuid = {FEA98AFF-0C2D-4E05-8C9E-F40FA4239581}
	EndGlobalSection
EndGlobal
